
Microsoft Visual Studio Solution File, Format Version 12.00
# Visual Studio Version 16
VisualStudioVersion = 16.0.29318.209
MinimumVisualStudioVersion = 10.0.40219.1
Project("{FAE04EC0-301F-11D3-BF4B-00C04F79EFBC}") = "onlygodknows", "onlygodknows.csproj", "{EEDEAC51-265C-47E6-9AEE-82B60908C0D6}"
EndProject
Global
	GlobalSection(SolutionConfigurationPlatforms) = preSolution
		Debug|Any CPU = Debug|Any CPU
		Release|Any CPU = Release|Any CPU
	EndGlobalSection
	GlobalSection(ProjectConfigurationPlatforms) = postSolution
		{EEDEAC51-265C-47E6-9AEE-82B60908C0D6}.Debug|Any CPU.ActiveCfg = Debug|Any CPU
		{EEDEAC51-265C-47E6-9AEE-82B60908C0D6}.Debug|Any CPU.Build.0 = Debug|Any CPU
		{EEDEAC51-265C-47E6-9AEE-82B60908C0D6}.Release|Any CPU.ActiveCfg = Release|Any CPU
		{EEDEAC51-265C-47E6-9AEE-82B60908C0D6}.Release|Any CPU.Build.0 = Release|Any CPU
	EndGlobalSection
	GlobalSection(SolutionProperties) = preSolution
		HideSolutionNode = FALSE
	EndGlobalSection
	GlobalSection(ExtensibilityGlobals) = postSolution
		SolutionGuid = {CDBC5343-4D35-45AA-9139-5A62CD98B61B}
	EndGlobalSection
EndGlobal
